dependencies:
- name: postgresql
  repository: https://charts.bitnami.com/bitnami
  version: 11.9.13
- name: common
  repository: https://library-charts.k8s-at-home.com
  version: 4.3.0
digest: sha256:336b6fffdfca393b6dff384e4abac849a580c460266271086be6a06286e3019f
generated: "2023-07-06T18:25:24.405423359+02:00"
