dependencies:
- name: common
  repository: https://library-charts.k8s-at-home.com
  version: 4.3.0
- name: postgresql
  repository: https://charts.bitnami.com/bitnami
  version: 11.2.6
digest: sha256:d1f2fba6502af24601c4f6579b8071f421af05a9368c1f1ec76f4cf823c52740
generated: "2022-07-03T16:49:42.103096956+02:00"
